
Microsoft Visual Studio Solution File, Format Version 12.00
# Visual Studio Version 16
VisualStudioVersion = 16.0.34301.259
MinimumVisualStudioVersion = 10.0.40219.1
Project("{FAE04EC0-301F-11D3-BF4B-00C04F79EFBC}") = "UIAPI", "UIAPI.csproj", "{2821857E-07BC-4615-AADD-D8DE9C21C66E}"
EndProject
Global
	GlobalSection(SolutionConfigurationPlatforms) = preSolution
		Debug|Any CPU = Debug|Any CPU
		Release|Any CPU = Release|Any CPU
	EndGlobalSection
	GlobalSection(ProjectConfigurationPlatforms) = postSolution
		{2821857E-07BC-4615-AADD-D8DE9C21C66E}.Debug|Any CPU.ActiveCfg = Debug|Any CPU
		{2821857E-07BC-4615-AADD-D8DE9C21C66E}.Debug|Any CPU.Build.0 = Debug|Any CPU
		{2821857E-07BC-4615-AADD-D8DE9C21C66E}.Release|Any CPU.ActiveCfg = Release|Any CPU
		{2821857E-07BC-4615-AADD-D8DE9C21C66E}.Release|Any CPU.Build.0 = Release|Any CPU
	EndGlobalSection
	GlobalSection(SolutionProperties) = preSolution
		HideSolutionNode = FALSE
	EndGlobalSection
	GlobalSection(ExtensibilityGlobals) = postSolution
		SolutionGuid = {69FC312B-1E88-475A-AF2C-9EE7471F5C20}
	EndGlobalSection
EndGlobal
