
Microsoft Visual Studio Solution File, Format Version 12.00
# Visual Studio Version 17
VisualStudioVersion = 17.12.35527.113 d17.12
MinimumVisualStudioVersion = 10.0.40219.1
Project("{FAE04EC0-301F-11D3-BF4B-00C04F79EFBC}") = "UIAPI", "UIAPI.csproj", "{7B4C1E72-AB3C-4C84-A4E7-E50009B567C1}"
EndProject
Project("{FAE04EC0-301F-11D3-BF4B-00C04F79EFBC}") = "SpyIAPI", "..\SpyIAPI\SpyIAPI.csproj", "{4AC84B16-47A5-464D-AD38-AC910539B2A7}"
EndProject
Global
	GlobalSection(SolutionConfigurationPlatforms) = preSolution
		Debug|Any CPU = Debug|Any CPU
		Debug|x64 = Debug|x64
		Release|Any CPU = Release|Any CPU
		Release|x64 = Release|x64
	EndGlobalSection
	GlobalSection(ProjectConfigurationPlatforms) = postSolution
		{7B4C1E72-AB3C-4C84-A4E7-E50009B567C1}.Debug|Any CPU.ActiveCfg = Debug|Any CPU
		{7B4C1E72-AB3C-4C84-A4E7-E50009B567C1}.Debug|Any CPU.Build.0 = Debug|Any CPU
		{7B4C1E72-AB3C-4C84-A4E7-E50009B567C1}.Debug|x64.ActiveCfg = Debug|x64
		{7B4C1E72-AB3C-4C84-A4E7-E50009B567C1}.Debug|x64.Build.0 = Debug|x64
		{7B4C1E72-AB3C-4C84-A4E7-E50009B567C1}.Release|Any CPU.ActiveCfg = Release|Any CPU
		{7B4C1E72-AB3C-4C84-A4E7-E50009B567C1}.Release|Any CPU.Build.0 = Release|Any CPU
		{7B4C1E72-AB3C-4C84-A4E7-E50009B567C1}.Release|x64.ActiveCfg = Release|x64
		{7B4C1E72-AB3C-4C84-A4E7-E50009B567C1}.Release|x64.Build.0 = Release|x64
		{4AC84B16-47A5-464D-AD38-AC910539B2A7}.Debug|Any CPU.ActiveCfg = Debug|Any CPU
		{4AC84B16-47A5-464D-AD38-AC910539B2A7}.Debug|Any CPU.Build.0 = Debug|Any CPU
		{4AC84B16-47A5-464D-AD38-AC910539B2A7}.Debug|x64.ActiveCfg = Debug|Any CPU
		{4AC84B16-47A5-464D-AD38-AC910539B2A7}.Debug|x64.Build.0 = Debug|Any CPU
		{4AC84B16-47A5-464D-AD38-AC910539B2A7}.Release|Any CPU.ActiveCfg = Release|Any CPU
		{4AC84B16-47A5-464D-AD38-AC910539B2A7}.Release|Any CPU.Build.0 = Release|Any CPU
		{4AC84B16-47A5-464D-AD38-AC910539B2A7}.Release|x64.ActiveCfg = Release|x64
		{4AC84B16-47A5-464D-AD38-AC910539B2A7}.Release|x64.Build.0 = Release|x64
	EndGlobalSection
	GlobalSection(SolutionProperties) = preSolution
		HideSolutionNode = FALSE
	EndGlobalSection
EndGlobal
